<?xml version="1.0" encoding="utf-8"?>
<Project ToolsVersion="4.0" xmlns="http://schemas.microsoft.com/developer/msbuild/2003">
  <ItemGroup>
    <Filter Include="소스 파일">
      <UniqueIdentifier>{4FC737F1-C7A5-4376-A066-2A32D752A2FF}</UniqueIdentifier>
      <Extensions>cpp;c;cc;cxx;c++;cppm;ixx;def;odl;idl;hpj;bat;asm;asmx</Extensions>
    </Filter>
    <Filter Include="헤더 파일">
      <UniqueIdentifier>{93995380-89BD-4b04-88EB-625FBE52EBFB}</UniqueIdentifier>
      <Extensions>h;hh;hpp;hxx;h++;hm;inl;inc;ipp;xsd</Extensions>
    </Filter>
    <Filter Include="리소스 파일">
      <UniqueIdentifier>{67DA6AB6-F800-4c08-8B7A-83BB121AAD01}</UniqueIdentifier>
      <Extensions>rc;ico;cur;bmp;dlg;rc2;rct;bin;rgs;gif;jpg;jpeg;jpe;resx;tiff;tif;png;wav;mfcribbon-ms</Extensions>
    </Filter>
  </ItemGroup>
  <ItemGroup>
    <ClCompile Include="C Lecture 1일차%28자료형, 서식,변수%29.c">
      <Filter>소스 파일</Filter>
    </ClCompile>
    <ClCompile Include="C Lecture 2일차%28입출력, 서식문자%29.c">
      <Filter>소스 파일</Filter>
    </ClCompile>
    <ClCompile Include="C Lecture 3일차%28자료형, 연산자%29.c">
      <Filter>소스 파일</Filter>
    </ClCompile>
    <ClCompile Include="C Lecture 4일차%28연산자, 조건%29.c">
      <Filter>소스 파일</Filter>
    </ClCompile>
    <ClCompile Include="C Lecture 5일차%28switch, case, 반복%29.c">
      <Filter>소스 파일</Filter>
    </ClCompile>
    <ClCompile Include="C Lecture 6일차%28반복%29.c">
      <Filter>소스 파일</Filter>
    </ClCompile>
    <ClCompile Include="C Lecture 7일차%28배열, 재귀%29.c">
      <Filter>소스 파일</Filter>
    </ClCompile>
    <ClCompile Include="C Lecture 8일차%28포인터,다차원 배열%29.c">
      <Filter>소스 파일</Filter>
    </ClCompile>
    <ClCompile Include="C Lecture 9일차(포인터).c">
      <Filter>소스 파일</Filter>
    </ClCompile>
    <ClCompile Include="C Lecture 10일차 (포인터).c">
      <Filter>소스 파일</Filter>
    </ClCompile>
    <ClCompile Include="C Lecture 11일차 (포인터).c">
      <Filter>소스 파일</Filter>
    </ClCompile>
    <ClCompile Include="C Lecture 12일차 (다차원 포인터).c">
      <Filter>소스 파일</Filter>
    </ClCompile>
    <ClCompile Include="C Lecture 13일차 (구조체).c">
      <Filter>소스 파일</Filter>
    </ClCompile>
  </ItemGroup>
</Project>